
Microsoft Visual Studio Solution File, Format Version 12.00
# Visual Studio Version 16
VisualStudioVersion = 16.0.29905.134
MinimumVisualStudioVersion = 10.0.40219.1
Project("{FAE04EC0-301F-11D3-BF4B-00C04F79EFBC}") = "StringDistrictWeb", "StringDistrictWeb\StringDistrictWeb.csproj", "{7FB098C5-1F47-4DAF-92B6-64E52FBB4B36}"
EndProject
Project("{FAE04EC0-301F-11D3-BF4B-00C04F79EFBC}") = "DAL", "DAL\DAL.csproj", "{20D20ABB-98A7-4811-9827-C4A051B15781}"
EndProject
Project("{FAE04EC0-301F-11D3-BF4B-00C04F79EFBC}") = "BLL", "BLL\BLL.csproj", "{E1F43B3C-9B5A-482C-BEA1-563CA1D4DC57}"
EndProject
Global
	GlobalSection(SolutionConfigurationPlatforms) = preSolution
		Debug|Any CPU = Debug|Any CPU
		Release|Any CPU = Release|Any CPU
	EndGlobalSection
	GlobalSection(ProjectConfigurationPlatforms) = postSolution
		{7FB098C5-1F47-4DAF-92B6-64E52FBB4B36}.Debug|Any CPU.ActiveCfg = Debug|Any CPU
		{7FB098C5-1F47-4DAF-92B6-64E52FBB4B36}.Debug|Any CPU.Build.0 = Debug|Any CPU
		{7FB098C5-1F47-4DAF-92B6-64E52FBB4B36}.Release|Any CPU.ActiveCfg = Release|Any CPU
		{7FB098C5-1F47-4DAF-92B6-64E52FBB4B36}.Release|Any CPU.Build.0 = Release|Any CPU
		{20D20ABB-98A7-4811-9827-C4A051B15781}.Debug|Any CPU.ActiveCfg = Debug|Any CPU
		{20D20ABB-98A7-4811-9827-C4A051B15781}.Debug|Any CPU.Build.0 = Debug|Any CPU
		{20D20ABB-98A7-4811-9827-C4A051B15781}.Release|Any CPU.ActiveCfg = Release|Any CPU
		{20D20ABB-98A7-4811-9827-C4A051B15781}.Release|Any CPU.Build.0 = Release|Any CPU
		{E1F43B3C-9B5A-482C-BEA1-563CA1D4DC57}.Debug|Any CPU.ActiveCfg = Debug|Any CPU
		{E1F43B3C-9B5A-482C-BEA1-563CA1D4DC57}.Debug|Any CPU.Build.0 = Debug|Any CPU
		{E1F43B3C-9B5A-482C-BEA1-563CA1D4DC57}.Release|Any CPU.ActiveCfg = Release|Any CPU
		{E1F43B3C-9B5A-482C-BEA1-563CA1D4DC57}.Release|Any CPU.Build.0 = Release|Any CPU
	EndGlobalSection
	GlobalSection(SolutionProperties) = preSolution
		HideSolutionNode = FALSE
	EndGlobalSection
	GlobalSection(ExtensibilityGlobals) = postSolution
		SolutionGuid = {D0844268-D702-4F88-A960-2739713B9681}
	EndGlobalSection
EndGlobal
